// !$*UTF8*$!
{
	archiveVersion = 1;
	classes = {
	};
	objectVersion = 46;
	objects = {

/* Begin PBXBuildFile section */
		7B267B421EAC578F000BC16C /* CalendarViewController.storyboard in Resources */ = {isa = PBXBuildFile; fileRef = 7B267B411EAC578F000BC16C /* CalendarViewController.storyboard */; };
		7B267B441EAC585C000BC16C /* CalendarViewController.swift in Sources */ = {isa = PBXBuildFile; fileRef = 7B267B431EAC585C000BC16C /* CalendarViewController.swift */; };
		7B267B461EAC5A00000BC16C /* CustomCell.swift in Sources */ = {isa = PBXBuildFile; fileRef = 7B267B451EAC5A00000BC16C /* CustomCell.swift */; };
		7B267B481EAC5A91000BC16C /* MonthList.swift in Sources */ = {isa = PBXBuildFile; fileRef = 7B267B471EAC5A91000BC16C /* MonthList.swift */; };
		7B95949C1EA75B2A006163C0 /* LocationList.swift in Sources */ = {isa = PBXBuildFile; fileRef = 7B95949B1EA75B2A006163C0 /* LocationList.swift */; };
		8A045F171E84DE7100DFC708 /* Charts.framework in Frameworks */ = {isa = PBXBuildFile; fileRef = 8A045F161E84DE7100DFC708 /* Charts.framework */; };
		8A045F191E8512E200DFC708 /* Constant.swift in Sources */ = {isa = PBXBuildFile; fileRef = 8A045F181E8512E200DFC708 /* Constant.swift */; };
		8A0759841E82070100E15693 /* TidesDataMobel.swift in Sources */ = {isa = PBXBuildFile; fileRef = 8A0759831E82070100E15693 /* TidesDataMobel.swift */; };
		8A0759861E824D7A00E15693 /* GoogleService-Info.plist in Resources */ = {isa = PBXBuildFile; fileRef = 8A0759851E824D7A00E15693 /* GoogleService-Info.plist */; };
		8A0759881E829B7400E15693 /* FirebaseDataSet.swift in Sources */ = {isa = PBXBuildFile; fileRef = 8A0759871E829B7400E15693 /* FirebaseDataSet.swift */; };
		8A0D4A4D1E90C276008B0B01 /* TabBarController.swift in Sources */ = {isa = PBXBuildFile; fileRef = 8A0D4A4C1E90C276008B0B01 /* TabBarController.swift */; };
		8A0D4A791E934CA1008B0B01 /* WeatherViewController.swift in Sources */ = {isa = PBXBuildFile; fileRef = 8A0D4A781E934CA1008B0B01 /* WeatherViewController.swift */; };
		8A0DDB301E94F8AD00955B8A /* WeatherCollectionViewCell.swift in Sources */ = {isa = PBXBuildFile; fileRef = 8A0DDB2E1E94F8AD00955B8A /* WeatherCollectionViewCell.swift */; };
		8A0DDB311E94F8AD00955B8A /* WeatherCollectionViewCell.xib in Resources */ = {isa = PBXBuildFile; fileRef = 8A0DDB2F1E94F8AD00955B8A /* WeatherCollectionViewCell.xib */; };
		8A19B7D91E7FD8CC00B7A275 /* AppDelegate.swift in Sources */ = {isa = PBXBuildFile; fileRef = 8A19B7D81E7FD8CC00B7A275 /* AppDelegate.swift */; };
		8A19B7DE1E7FD8CC00B7A275 /* Main.storyboard in Resources */ = {isa = PBXBuildFile; fileRef = 8A19B7DC1E7FD8CC00B7A275 /* Main.storyboard */; };
		8A19B7E01E7FD8CC00B7A275 /* Assets.xcassets in Resources */ = {isa = PBXBuildFile; fileRef = 8A19B7DF1E7FD8CC00B7A275 /* Assets.xcassets */; };
		8A19B7E31E7FD8CC00B7A275 /* LaunchScreen.storyboard in Resources */ = {isa = PBXBuildFile; fileRef = 8A19B7E11E7FD8CC00B7A275 /* LaunchScreen.storyboard */; };
		8A19B7EC1E80D1FA00B7A275 /* TidesChartViewController.swift in Sources */ = {isa = PBXBuildFile; fileRef = 8A19B7EB1E80D1FA00B7A275 /* TidesChartViewController.swift */; };
		8A61B3301E9F0BE1004A8747 /* MoonAgeController.swift in Sources */ = {isa = PBXBuildFile; fileRef = 8A61B32F1E9F0BE1004A8747 /* MoonAgeController.swift */; };
		8A61B3331E9F18CC004A8747 /* MoonPhaseCell.swift in Sources */ = {isa = PBXBuildFile; fileRef = 8A61B3311E9F18CC004A8747 /* MoonPhaseCell.swift */; };
		8A61B3341E9F18CC004A8747 /* MoonPhaseCell.xib in Resources */ = {isa = PBXBuildFile; fileRef = 8A61B3321E9F18CC004A8747 /* MoonPhaseCell.xib */; };
		8A61B3571EA0A2D5004A8747 /* NavigationViewController.swift in Sources */ = {isa = PBXBuildFile; fileRef = 8A61B3561EA0A2D5004A8747 /* NavigationViewController.swift */; };
		8A75F1641E8642EA00A6F5F3 /* JTAppleCalendar.framework in Frameworks */ = {isa = PBXBuildFile; fileRef = 8A75F1631E8642EA00A6F5F3 /* JTAppleCalendar.framework */; };
		8A77E1B01E87604B0031A038 /* TidesSearchTableViewController.swift in Sources */ = {isa = PBXBuildFile; fileRef = 8A77E1AF1E87604B0031A038 /* TidesSearchTableViewController.swift */; };
		8A77E1B31E877CCF0031A038 /* TidesSearchTableViewCell.swift in Sources */ = {isa = PBXBuildFile; fileRef = 8A77E1B11E877CCF0031A038 /* TidesSearchTableViewCell.swift */; };
		8A77E1B41E877CCF0031A038 /* TidesSearchTableViewCell.xib in Resources */ = {isa = PBXBuildFile; fileRef = 8A77E1B21E877CCF0031A038 /* TidesSearchTableViewCell.xib */; };
		8AF5E9011E8BA4C3009151BA /* AnnotationMobel.swift in Sources */ = {isa = PBXBuildFile; fileRef = 8AF5E9001E8BA4C3009151BA /* AnnotationMobel.swift */; };
		8AF5E9031E8BBFA8009151BA /* CoreLocation.framework in Frameworks */ = {isa = PBXBuildFile; fileRef = 8AF5E9021E8BBFA8009151BA /* CoreLocation.framework */; };
		8AF5E9051E8C1866009151BA /* DistanceCalculation.swift in Sources */ = {isa = PBXBuildFile; fileRef = 8AF5E9041E8C1866009151BA /* DistanceCalculation.swift */; };
		8AF5E9191E8E18B1009151BA /* TideAnnotationView.swift in Sources */ = {isa = PBXBuildFile; fileRef = 8AF5E9181E8E18B1009151BA /* TideAnnotationView.swift */; };
		8AF5E91B1E8E18D6009151BA /* TideAnnotationView.xib in Resources */ = {isa = PBXBuildFile; fileRef = 8AF5E91A1E8E18D6009151BA /* TideAnnotationView.xib */; };
		8AFD96AD1E8B22CB000CC06D /* MapSearchController.swift in Sources */ = {isa = PBXBuildFile; fileRef = 8AFD96AC1E8B22CB000CC06D /* MapSearchController.swift */; };
		D810FD860288E40D815E35A4 /* Pods_Tides.framework in Frameworks */ = {isa = PBXBuildFile; fileRef = B6D1A19291B250A5CDFF88DF /* Pods_Tides.framework */; };
/* End PBXBuildFile section */

/* Begin PBXFileReference section */
		44BDC1BF2F6807E53B2CA086 /* Pods-Tides.release.xcconfig */ = {isa = PBXFileReference; includeInIndex = 1; lastKnownFileType = text.xcconfig; name = "Pods-Tides.release.xcconfig"; path = "Pods/Target Support Files/Pods-Tides/Pods-Tides.release.xcconfig"; sourceTree = "<group>"; };
		7B267B411EAC578F000BC16C /* CalendarViewController.storyboard */ = {isa = PBXFileReference; fileEncoding = 4; lastKnownFileType = file.storyboard; path = CalendarViewController.storyboard; sourceTree = "<group>"; };
		7B267B431EAC585C000BC16C /* CalendarViewController.swift */ = {isa = PBXFileReference; fileEncoding = 4; lastKnownFileType = sourcecode.swift; path = CalendarViewController.swift; sourceTree = "<group>"; };
		7B267B451EAC5A00000BC16C /* CustomCell.swift */ = {isa = PBXFileReference; fileEncoding = 4; lastKnownFileType = sourcecode.swift; path = CustomCell.swift; sourceTree = "<group>"; };
		7B267B471EAC5A91000BC16C /* MonthList.swift */ = {isa = PBXFileReference; fileEncoding = 4; lastKnownFileType = sourcecode.swift; path = MonthList.swift; sourceTree = "<group>"; };
		7B95949B1EA75B2A006163C0 /* LocationList.swift */ = {isa = PBXFileReference; fileEncoding = 4; lastKnownFileType = sourcecode.swift; path = LocationList.swift; sourceTree = "<group>"; };
		8366772A2BBA975E5209C408 /* Pods-Tides.debug.xcconfig */ = {isa = PBXFileReference; includeInIndex = 1; lastKnownFileType = text.xcconfig; name = "Pods-Tides.debug.xcconfig"; path = "Pods/Target Support Files/Pods-Tides/Pods-Tides.debug.xcconfig"; sourceTree = "<group>"; };
		8A045F161E84DE7100DFC708 /* Charts.framework */ = {isa = PBXFileReference; lastKnownFileType = wrapper.framework; name = Charts.framework; path = "../../../../Library/Developer/Xcode/DerivedData/Tides-dthqtsiogjbxrgfsocmontjbwvfj/Build/Products/Debug-iphoneos/Charts/Charts.framework"; sourceTree = "<group>"; };
		8A045F181E8512E200DFC708 /* Constant.swift */ = {isa = PBXFileReference; fileEncoding = 4; lastKnownFileType = sourcecode.swift; path = Constant.swift; sourceTree = "<group>"; };
		8A0759831E82070100E15693 /* TidesDataMobel.swift */ = {isa = PBXFileReference; fileEncoding = 4; lastKnownFileType = sourcecode.swift; path = TidesDataMobel.swift; sourceTree = "<group>"; };
		8A0759851E824D7A00E15693 /* GoogleService-Info.plist */ = {isa = PBXFileReference; fileEncoding = 4; lastKnownFileType = text.plist.xml; path = "GoogleService-Info.plist"; sourceTree = "<group>"; };
		8A0759871E829B7400E15693 /* FirebaseDataSet.swift */ = {isa = PBXFileReference; fileEncoding = 4; lastKnownFileType = sourcecode.swift; path = FirebaseDataSet.swift; sourceTree = "<group>"; };
		8A0D4A4C1E90C276008B0B01 /* TabBarController.swift */ = {isa = PBXFileReference; fileEncoding = 4; lastKnownFileType = sourcecode.swift; path = TabBarController.swift; sourceTree = "<group>"; };
		8A0D4A781E934CA1008B0B01 /* WeatherViewController.swift */ = {isa = PBXFileReference; fileEncoding = 4; lastKnownFileType = sourcecode.swift; path = WeatherViewController.swift; sourceTree = "<group>"; };
		8A0DDB2E1E94F8AD00955B8A /* WeatherCollectionViewCell.swift */ = {isa = PBXFileReference; fileEncoding = 4; lastKnownFileType = sourcecode.swift; path = WeatherCollectionViewCell.swift; sourceTree = "<group>"; };
		8A0DDB2F1E94F8AD00955B8A /* WeatherCollectionViewCell.xib */ = {isa = PBXFileReference; fileEncoding = 4; lastKnownFileType = file.xib; path = WeatherCollectionViewCell.xib; sourceTree = "<group>"; };
		8A19B7D51E7FD8CC00B7A275 /* Tides.app */ = {isa = PBXFileReference; explicitFileType = wrapper.application; includeInIndex = 0; path = Tides.app; sourceTree = BUILT_PRODUCTS_DIR; };
		8A19B7D81E7FD8CC00B7A275 /* AppDelegate.swift */ = {isa = PBXFileReference; lastKnownFileType = sourcecode.swift; path = AppDelegate.swift; sourceTree = "<group>"; };
		8A19B7DD1E7FD8CC00B7A275 /* Base */ = {isa = PBXFileReference; lastKnownFileType = file.storyboard; name = Base; path = Base.lproj/Main.storyboard; sourceTree = "<group>"; };
		8A19B7DF1E7FD8CC00B7A275 /* Assets.xcassets */ = {isa = PBXFileReference; lastKnownFileType = folder.assetcatalog; path = Assets.xcassets; sourceTree = "<group>"; };
		8A19B7E21E7FD8CC00B7A275 /* Base */ = {isa = PBXFileReference; lastKnownFileType = file.storyboard; name = Base; path = Base.lproj/LaunchScreen.storyboard; sourceTree = "<group>"; };
		8A19B7E41E7FD8CC00B7A275 /* Info.plist */ = {isa = PBXFileReference; lastKnownFileType = text.plist.xml; path = Info.plist; sourceTree = "<group>"; };
		8A19B7EB1E80D1FA00B7A275 /* TidesChartViewController.swift */ = {isa = PBXFileReference; fileEncoding = 4; lastKnownFileType = sourcecode.swift; path = TidesChartViewController.swift; sourceTree = "<group>"; };
		8A61B32F1E9F0BE1004A8747 /* MoonAgeController.swift */ = {isa = PBXFileReference; fileEncoding = 4; lastKnownFileType = sourcecode.swift; path = MoonAgeController.swift; sourceTree = "<group>"; };
		8A61B3311E9F18CC004A8747 /* MoonPhaseCell.swift */ = {isa = PBXFileReference; fileEncoding = 4; lastKnownFileType = sourcecode.swift; path = MoonPhaseCell.swift; sourceTree = "<group>"; };
		8A61B3321E9F18CC004A8747 /* MoonPhaseCell.xib */ = {isa = PBXFileReference; fileEncoding = 4; lastKnownFileType = file.xib; path = MoonPhaseCell.xib; sourceTree = "<group>"; };
		8A61B3561EA0A2D5004A8747 /* NavigationViewController.swift */ = {isa = PBXFileReference; fileEncoding = 4; lastKnownFileType = sourcecode.swift; path = NavigationViewController.swift; sourceTree = "<group>"; };
		8A75F1631E8642EA00A6F5F3 /* JTAppleCalendar.framework */ = {isa = PBXFileReference; lastKnownFileType = wrapper.framework; name = JTAppleCalendar.framework; path = "Pods/../build/Debug-iphoneos/JTAppleCalendar/JTAppleCalendar.framework"; sourceTree = "<group>"; };
		8A77E1AF1E87604B0031A038 /* TidesSearchTableViewController.swift */ = {isa = PBXFileReference; fileEncoding = 4; lastKnownFileType = sourcecode.swift; path = TidesSearchTableViewController.swift; sourceTree = "<group>"; };
		8A77E1B11E877CCF0031A038 /* TidesSearchTableViewCell.swift */ = {isa = PBXFileReference; fileEncoding = 4; lastKnownFileType = sourcecode.swift; path = TidesSearchTableViewCell.swift; sourceTree = "<group>"; };
		8A77E1B21E877CCF0031A038 /* TidesSearchTableViewCell.xib */ = {isa = PBXFileReference; fileEncoding = 4; lastKnownFileType = file.xib; path = TidesSearchTableViewCell.xib; sourceTree = "<group>"; };
		8AF5E9001E8BA4C3009151BA /* AnnotationMobel.swift */ = {isa = PBXFileReference; fileEncoding = 4; lastKnownFileType = sourcecode.swift; path = AnnotationMobel.swift; sourceTree = "<group>"; };
		8AF5E9021E8BBFA8009151BA /* CoreLocation.framework */ = {isa = PBXFileReference; lastKnownFileType = wrapper.framework; name = CoreLocation.framework; path = System/Library/Frameworks/CoreLocation.framework; sourceTree = SDKROOT; };
		8AF5E9041E8C1866009151BA /* DistanceCalculation.swift */ = {isa = PBXFileReference; fileEncoding = 4; lastKnownFileType = sourcecode.swift; path = DistanceCalculation.swift; sourceTree = "<group>"; };
		8AF5E9181E8E18B1009151BA /* TideAnnotationView.swift */ = {isa = PBXFileReference; fileEncoding = 4; lastKnownFileType = sourcecode.swift; path = TideAnnotationView.swift; sourceTree = "<group>"; };
		8AF5E91A1E8E18D6009151BA /* TideAnnotationView.xib */ = {isa = PBXFileReference; fileEncoding = 4; lastKnownFileType = file.xib; path = TideAnnotationView.xib; sourceTree = "<group>"; };
		8AFD96AC1E8B22CB000CC06D /* MapSearchController.swift */ = {isa = PBXFileReference; fileEncoding = 4; lastKnownFileType = sourcecode.swift; path = MapSearchController.swift; sourceTree = "<group>"; };
		B6D1A19291B250A5CDFF88DF /* Pods_Tides.framework */ = {isa = PBXFileReference; explicitFileType = wrapper.framework; includeInIndex = 0; path = Pods_Tides.framework; sourceTree = BUILT_PRODUCTS_DIR; };
/* End PBXFileReference section */

/* Begin PBXFrameworksBuildPhase section */
		8A19B7D21E7FD8CC00B7A275 /* Frameworks */ = {
			isa = PBXFrameworksBuildPhase;
			buildActionMask = 2147483647;
			files = (
				8AF5E9031E8BBFA8009151BA /* CoreLocation.framework in Frameworks */,
				8A75F1641E8642EA00A6F5F3 /* JTAppleCalendar.framework in Frameworks */,
				8A045F171E84DE7100DFC708 /* Charts.framework in Frameworks */,
				D810FD860288E40D815E35A4 /* Pods_Tides.framework in Frameworks */,
			);
			runOnlyForDeploymentPostprocessing = 0;
		};
/* End PBXFrameworksBuildPhase section */

/* Begin PBXGroup section */
		7B267B3E1EAC541F000BC16C /* Calendar */ = {
			isa = PBXGroup;
			children = (
				7B267B411EAC578F000BC16C /* CalendarViewController.storyboard */,
				7B267B431EAC585C000BC16C /* CalendarViewController.swift */,
				7B267B471EAC5A91000BC16C /* MonthList.swift */,
				7B267B451EAC5A00000BC16C /* CustomCell.swift */,
			);
			name = Calendar;
			sourceTree = "<group>";
		};
		8A19B7CC1E7FD8CC00B7A275 = {
			isa = PBXGroup;
			children = (
				8A19B7D71E7FD8CC00B7A275 /* Tides */,
				8A19B7D61E7FD8CC00B7A275 /* Products */,
				8DCC4F122A829342FBA2E7E2 /* Pods */,
				A805EE903706DF9AD6DE9FFE /* Frameworks */,
			);
			sourceTree = "<group>";
		};
		8A19B7D61E7FD8CC00B7A275 /* Products */ = {
			isa = PBXGroup;
			children = (
				8A19B7D51E7FD8CC00B7A275 /* Tides.app */,
			);
			name = Products;
			sourceTree = "<group>";
		};
		8A19B7D71E7FD8CC00B7A275 /* Tides */ = {
			isa = PBXGroup;
			children = (
				8A19B7D81E7FD8CC00B7A275 /* AppDelegate.swift */,
				8AF5E8FE1E8BA447009151BA /* Controller */,
				8AF5E8FF1E8BA475009151BA /* View */,
				8AF5E8FD1E8BA418009151BA /* Model */,
				7B267B3E1EAC541F000BC16C /* Calendar */,
				8A19B7DF1E7FD8CC00B7A275 /* Assets.xcassets */,
				8A19B7DC1E7FD8CC00B7A275 /* Main.storyboard */,
				8A19B7E11E7FD8CC00B7A275 /* LaunchScreen.storyboard */,
				8A19B7E41E7FD8CC00B7A275 /* Info.plist */,
				8A0759851E824D7A00E15693 /* GoogleService-Info.plist */,
			);
			path = Tides;
			sourceTree = "<group>";
		};
		8AF5E8FD1E8BA418009151BA /* Model */ = {
			isa = PBXGroup;
			children = (
				8A045F181E8512E200DFC708 /* Constant.swift */,
				8AF5E9001E8BA4C3009151BA /* AnnotationMobel.swift */,
				8A0759871E829B7400E15693 /* FirebaseDataSet.swift */,
				8AF5E9041E8C1866009151BA /* DistanceCalculation.swift */,
				7B95949B1EA75B2A006163C0 /* LocationList.swift */,
				8A0759831E82070100E15693 /* TidesDataMobel.swift */,
			);
			name = Model;
			sourceTree = "<group>";
		};
		8AF5E8FE1E8BA447009151BA /* Controller */ = {
			isa = PBXGroup;
			children = (
				8A77E1AF1E87604B0031A038 /* TidesSearchTableViewController.swift */,
				8A19B7EB1E80D1FA00B7A275 /* TidesChartViewController.swift */,
				8AFD96AC1E8B22CB000CC06D /* MapSearchController.swift */,
				8A61B32F1E9F0BE1004A8747 /* MoonAgeController.swift */,
				8A0D4A781E934CA1008B0B01 /* WeatherViewController.swift */,
				8A61B3561EA0A2D5004A8747 /* NavigationViewController.swift */,
				8A0D4A4C1E90C276008B0B01 /* TabBarController.swift */,
			);
			name = Controller;
			sourceTree = "<group>";
		};
		8AF5E8FF1E8BA475009151BA /* View */ = {
			isa = PBXGroup;
			children = (
				8A77E1B11E877CCF0031A038 /* TidesSearchTableViewCell.swift */,
				8A77E1B21E877CCF0031A038 /* TidesSearchTableViewCell.xib */,
				8A0DDB2E1E94F8AD00955B8A /* WeatherCollectionViewCell.swift */,
				8A0DDB2F1E94F8AD00955B8A /* WeatherCollectionViewCell.xib */,
				8A61B3311E9F18CC004A8747 /* MoonPhaseCell.swift */,
				8A61B3321E9F18CC004A8747 /* MoonPhaseCell.xib */,
				8AF5E9181E8E18B1009151BA /* TideAnnotationView.swift */,
				8AF5E91A1E8E18D6009151BA /* TideAnnotationView.xib */,
			);
			name = View;
			sourceTree = "<group>";
		};
		8DCC4F122A829342FBA2E7E2 /* Pods */ = {
			isa = PBXGroup;
			children = (
				8366772A2BBA975E5209C408 /* Pods-Tides.debug.xcconfig */,
				44BDC1BF2F6807E53B2CA086 /* Pods-Tides.release.xcconfig */,
			);
			name = Pods;
			sourceTree = "<group>";
		};
		A805EE903706DF9AD6DE9FFE /* Frameworks */ = {
			isa = PBXGroup;
			children = (
				8AF5E9021E8BBFA8009151BA /* CoreLocation.framework */,
				8A75F1631E8642EA00A6F5F3 /* JTAppleCalendar.framework */,
				8A045F161E84DE7100DFC708 /* Charts.framework */,
				B6D1A19291B250A5CDFF88DF /* Pods_Tides.framework */,
			);
			name = Frameworks;
			sourceTree = "<group>";
		};
/* End PBXGroup section */

/* Begin PBXNativeTarget section */
		8A19B7D41E7FD8CC00B7A275 /* Tides */ = {
			isa = PBXNativeTarget;
			buildConfigurationList = 8A19B7E71E7FD8CC00B7A275 /* Build configuration list for PBXNativeTarget "Tides" */;
			buildPhases = (
				C4B57F69C68EF1EA4C5239D9 /* [CP] Check Pods Manifest.lock */,
				8A19B7D11E7FD8CC00B7A275 /* Sources */,
				8A19B7D21E7FD8CC00B7A275 /* Frameworks */,
				8A19B7D31E7FD8CC00B7A275 /* Resources */,
				5EA25EC6BCF00D1A05FE878C /* [CP] Embed Pods Frameworks */,
				486715D70BA48190305A9860 /* [CP] Copy Pods Resources */,
				8A19B7EA1E80CCB800B7A275 /* ShellScript */,
			);
			buildRules = (
			);
			dependencies = (
			);
			name = Tides;
			productName = Tides;
			productReference = 8A19B7D51E7FD8CC00B7A275 /* Tides.app */;
			productType = "com.apple.product-type.application";
		};
/* End PBXNativeTarget section */

/* Begin PBXProject section */
		8A19B7CD1E7FD8CC00B7A275 /* Project object */ = {
			isa = PBXProject;
			attributes = {
				LastSwiftUpdateCheck = 0820;
				LastUpgradeCheck = 0820;
				ORGANIZATIONNAME = "劉洧熏";
				TargetAttributes = {
					8A19B7D41E7FD8CC00B7A275 = {
						CreatedOnToolsVersion = 8.2.1;
						DevelopmentTeam = 99E6PZ48K5;
						ProvisioningStyle = Automatic;
					};
				};
			};
			buildConfigurationList = 8A19B7D01E7FD8CC00B7A275 /* Build configuration list for PBXProject "Tides" */;
			compatibilityVersion = "Xcode 3.2";
			developmentRegion = English;
			hasScannedForEncodings = 0;
			knownRegions = (
				en,
				Base,
			);
			mainGroup = 8A19B7CC1E7FD8CC00B7A275;
			productRefGroup = 8A19B7D61E7FD8CC00B7A275 /* Products */;
			projectDirPath = "";
			projectRoot = "";
			targets = (
				8A19B7D41E7FD8CC00B7A275 /* Tides */,
			);
		};
/* End PBXProject section */

/* Begin PBXResourcesBuildPhase section */
		8A19B7D31E7FD8CC00B7A275 /* Resources */ = {
			isa = PBXResourcesBuildPhase;
			buildActionMask = 2147483647;
			files = (
				8A61B3341E9F18CC004A8747 /* MoonPhaseCell.xib in Resources */,
				8A19B7E31E7FD8CC00B7A275 /* LaunchScreen.storyboard in Resources */,
				8AF5E91B1E8E18D6009151BA /* TideAnnotationView.xib in Resources */,
				8A0759861E824D7A00E15693 /* GoogleService-Info.plist in Resources */,
				8A19B7E01E7FD8CC00B7A275 /* Assets.xcassets in Resources */,
				8A0DDB311E94F8AD00955B8A /* WeatherCollectionViewCell.xib in Resources */,
				8A19B7DE1E7FD8CC00B7A275 /* Main.storyboard in Resources */,
				7B267B421EAC578F000BC16C /* CalendarViewController.storyboard in Resources */,
				8A77E1B41E877CCF0031A038 /* TidesSearchTableViewCell.xib in Resources */,
			);
			runOnlyForDeploymentPostprocessing = 0;
		};
/* End PBXResourcesBuildPhase section */

/* Begin PBXShellScriptBuildPhase section */
		486715D70BA48190305A9860 /* [CP] Copy Pods Resources */ = {
			isa = PBXShellScriptBuildPhase;
			buildActionMask = 2147483647;
			files = (
			);
			inputPaths = (
			);
			name = "[CP] Copy Pods Resources";
			outputPaths = (
			);
			runOnlyForDeploymentPostprocessing = 0;
			shellPath = /bin/sh;
			shellScript = "\"${SRCROOT}/Pods/Target Support Files/Pods-Tides/Pods-Tides-resources.sh\"\n";
			showEnvVarsInLog = 0;
		};
		5EA25EC6BCF00D1A05FE878C /* [CP] Embed Pods Frameworks */ = {
			isa = PBXShellScriptBuildPhase;
			buildActionMask = 2147483647;
			files = (
			);
			inputPaths = (
			);
			name = "[CP] Embed Pods Frameworks";
			outputPaths = (
			);
			runOnlyForDeploymentPostprocessing = 0;
			shellPath = /bin/sh;
			shellScript = "\"${SRCROOT}/Pods/Target Support Files/Pods-Tides/Pods-Tides-frameworks.sh\"\n";
			showEnvVarsInLog = 0;
		};
		8A19B7EA1E80CCB800B7A275 /* ShellScript */ = {
			isa = PBXShellScriptBuildPhase;
			buildActionMask = 2147483647;
			files = (
			);
			inputPaths = (
			);
			outputPaths = (
			);
			runOnlyForDeploymentPostprocessing = 0;
			shellPath = /bin/sh;
			shellScript = "if which swiftlint >/dev/null; then\nswiftlint\nelse\necho \"warning: SwiftLint not installed, download from https://github.com/realm/SwiftLint\"\nfi";
		};
		C4B57F69C68EF1EA4C5239D9 /* [CP] Check Pods Manifest.lock */ = {
			isa = PBXShellScriptBuildPhase;
			buildActionMask = 2147483647;
			files = (
			);
			inputPaths = (
			);
			name = "[CP] Check Pods Manifest.lock";
			outputPaths = (
			);
			runOnlyForDeploymentPostprocessing = 0;
			shellPath = /bin/sh;
			shellScript = "diff \"${PODS_PODFILE_DIR_PATH}/Podfile.lock\" \"${PODS_ROOT}/Manifest.lock\" > /dev/null\nif [ $? != 0 ] ; then\n    # print error to STDERR\n    echo \"error: The sandbox is not in sync with the Podfile.lock. Run 'pod install' or update your CocoaPods installation.\" >&2\n    exit 1\nfi\n";
			showEnvVarsInLog = 0;
		};
/* End PBXShellScriptBuildPhase section */

/* Begin PBXSourcesBuildPhase section */
		8A19B7D11E7FD8CC00B7A275 /* Sources */ = {
			isa = PBXSourcesBuildPhase;
			buildActionMask = 2147483647;
			files = (
				7B95949C1EA75B2A006163C0 /* LocationList.swift in Sources */,
				8A0D4A4D1E90C276008B0B01 /* TabBarController.swift in Sources */,
				7B267B461EAC5A00000BC16C /* CustomCell.swift in Sources */,
				8A0D4A791E934CA1008B0B01 /* WeatherViewController.swift in Sources */,
				8AF5E9191E8E18B1009151BA /* TideAnnotationView.swift in Sources */,
				8A77E1B31E877CCF0031A038 /* TidesSearchTableViewCell.swift in Sources */,
				8A61B3571EA0A2D5004A8747 /* NavigationViewController.swift in Sources */,
				8AF5E9011E8BA4C3009151BA /* AnnotationMobel.swift in Sources */,
				8A0DDB301E94F8AD00955B8A /* WeatherCollectionViewCell.swift in Sources */,
				8A19B7D91E7FD8CC00B7A275 /* AppDelegate.swift in Sources */,
				8A77E1B01E87604B0031A038 /* TidesSearchTableViewController.swift in Sources */,
				7B267B441EAC585C000BC16C /* CalendarViewController.swift in Sources */,
				8A61B3301E9F0BE1004A8747 /* MoonAgeController.swift in Sources */,
				8AFD96AD1E8B22CB000CC06D /* MapSearchController.swift in Sources */,
				8A0759841E82070100E15693 /* TidesDataMobel.swift in Sources */,
				8A045F191E8512E200DFC708 /* Constant.swift in Sources */,
				8A19B7EC1E80D1FA00B7A275 /* TidesChartViewController.swift in Sources */,
				8A61B3331E9F18CC004A8747 /* MoonPhaseCell.swift in Sources */,
				8AF5E9051E8C1866009151BA /* DistanceCalculation.swift in Sources */,
				7B267B481EAC5A91000BC16C /* MonthList.swift in Sources */,
				8A0759881E829B7400E15693 /* FirebaseDataSet.swift in Sources */,
			);
			runOnlyForDeploymentPostprocessing = 0;
		};
/* End PBXSourcesBuildPhase section */

/* Begin PBXVariantGroup section */
		8A19B7DC1E7FD8CC00B7A275 /* Main.storyboard */ = {
			isa = PBXVariantGroup;
			children = (
				8A19B7DD1E7FD8CC00B7A275 /* Base */,
			);
			name = Main.storyboard;
			sourceTree = "<group>";
		};
		8A19B7E11E7FD8CC00B7A275 /* LaunchScreen.storyboard */ = {
			isa = PBXVariantGroup;
			children = (
				8A19B7E21E7FD8CC00B7A275 /* Base */,
			);
			name = LaunchScreen.storyboard;
			sourceTree = "<group>";
		};
/* End PBXVariantGroup section */

/* Begin XCBuildConfiguration section */
		8A19B7E51E7FD8CC00B7A275 /* Debug */ = {
			isa = XCBuildConfiguration;
			buildSettings = {
				ALWAYS_SEARCH_USER_PATHS = NO;
				CLANG_ANALYZER_NONNULL = YES;
				CLANG_CXX_LANGUAGE_STANDARD = "gnu++0x";
				CLANG_CXX_LIBRARY = "libc++";
				CLANG_ENABLE_MODULES = YES;
				CLANG_ENABLE_OBJC_ARC = YES;
				CLANG_WARN_BOOL_CONVERSION = YES;
				CLANG_WARN_CONSTANT_CONVERSION = YES;
				CLANG_WARN_DIRECT_OBJC_ISA_USAGE = YES_ERROR;
				CLANG_WARN_DOCUMENTATION_COMMENTS = YES;
				CLANG_WARN_EMPTY_BODY = YES;
				CLANG_WARN_ENUM_CONVERSION = YES;
				CLANG_WARN_INFINITE_RECURSION = YES;
				CLANG_WARN_INT_CONVERSION = YES;
				CLANG_WARN_OBJC_ROOT_CLASS = YES_ERROR;
				CLANG_WARN_SUSPICIOUS_MOVE = YES;
				CLANG_WARN_UNREACHABLE_CODE = YES;
				CLANG_WARN__DUPLICATE_METHOD_MATCH = YES;
				"CODE_SIGN_IDENTITY[sdk=iphoneos*]" = "iPhone Developer";
				COPY_PHASE_STRIP = NO;
				DEBUG_INFORMATION_FORMAT = dwarf;
				ENABLE_STRICT_OBJC_MSGSEND = YES;
				ENABLE_TESTABILITY = YES;
				GCC_C_LANGUAGE_STANDARD = gnu99;
				GCC_DYNAMIC_NO_PIC = NO;
				GCC_NO_COMMON_BLOCKS = YES;
				GCC_OPTIMIZATION_LEVEL = 0;
				GCC_PREPROCESSOR_DEFINITIONS = (
					"DEBUG=1",
					"$(inherited)",
				);
				GCC_WARN_64_TO_32_BIT_CONVERSION = YES;
				GCC_WARN_ABOUT_RETURN_TYPE = YES_ERROR;
				GCC_WARN_UNDECLARED_SELECTOR = YES;
				GCC_WARN_UNINITIALIZED_AUTOS = YES_AGGRESSIVE;
				GCC_WARN_UNUSED_FUNCTION = YES;
				GCC_WARN_UNUSED_VARIABLE = YES;
				IPHONEOS_DEPLOYMENT_TARGET = 10.2;
				MTL_ENABLE_DEBUG_INFO = YES;
				ONLY_ACTIVE_ARCH = YES;
				SDKROOT = iphoneos;
				SWIFT_ACTIVE_COMPILATION_CONDITIONS = DEBUG;
				SWIFT_OPTIMIZATION_LEVEL = "-Onone";
			};
			name = Debug;
		};
		8A19B7E61E7FD8CC00B7A275 /* Release */ = {
			isa = XCBuildConfiguration;
			buildSettings = {
				ALWAYS_SEARCH_USER_PATHS = NO;
				CLANG_ANALYZER_NONNULL = YES;
				CLANG_CXX_LANGUAGE_STANDARD = "gnu++0x";
				CLANG_CXX_LIBRARY = "libc++";
				CLANG_ENABLE_MODULES = YES;
				CLANG_ENABLE_OBJC_ARC = YES;
				CLANG_WARN_BOOL_CONVERSION = YES;
				CLANG_WARN_CONSTANT_CONVERSION = YES;
				CLANG_WARN_DIRECT_OBJC_ISA_USAGE = YES_ERROR;
				CLANG_WARN_DOCUMENTATION_COMMENTS = YES;
				CLANG_WARN_EMPTY_BODY = YES;
				CLANG_WARN_ENUM_CONVERSION = YES;
				CLANG_WARN_INFINITE_RECURSION = YES;
				CLANG_WARN_INT_CONVERSION = YES;
				CLANG_WARN_OBJC_ROOT_CLASS = YES_ERROR;
				CLANG_WARN_SUSPICIOUS_MOVE = YES;
				CLANG_WARN_UNREACHABLE_CODE = YES;
				CLANG_WARN__DUPLICATE_METHOD_MATCH = YES;
				"CODE_SIGN_IDENTITY[sdk=iphoneos*]" = "iPhone Developer";
				COPY_PHASE_STRIP = NO;
				DEBUG_INFORMATION_FORMAT = "dwarf-with-dsym";
				ENABLE_NS_ASSERTIONS = NO;
				ENABLE_STRICT_OBJC_MSGSEND = YES;
				GCC_C_LANGUAGE_STANDARD = gnu99;
				GCC_NO_COMMON_BLOCKS = YES;
				GCC_WARN_64_TO_32_BIT_CONVERSION = YES;
				GCC_WARN_ABOUT_RETURN_TYPE = YES_ERROR;
				GCC_WARN_UNDECLARED_SELECTOR = YES;
				GCC_WARN_UNINITIALIZED_AUTOS = YES_AGGRESSIVE;
				GCC_WARN_UNUSED_FUNCTION = YES;
				GCC_WARN_UNUSED_VARIABLE = YES;
				IPHONEOS_DEPLOYMENT_TARGET = 10.2;
				MTL_ENABLE_DEBUG_INFO = NO;
				SDKROOT = iphoneos;
				SWIFT_OPTIMIZATION_LEVEL = "-Owholemodule";
				VALIDATE_PRODUCT = YES;
			};
			name = Release;
		};
		8A19B7E81E7FD8CC00B7A275 /* Debug */ = {
			isa = XCBuildConfiguration;
			baseConfigurationReference = 8366772A2BBA975E5209C408 /* Pods-Tides.debug.xcconfig */;
			buildSettings = {
				ASSETCATALOG_COMPILER_APPICON_NAME = AppIcon;
				DEVELOPMENT_TEAM = 99E6PZ48K5;
				FRAMEWORK_SEARCH_PATHS = (
					"$(inherited)",
					"$(PROJECT_DIR)/build/Debug-iphoneos/JTAppleCalendar",
				);
				INFOPLIST_FILE = Tides/Info.plist;
				LD_RUNPATH_SEARCH_PATHS = "$(inherited) @executable_path/Frameworks";
				PRODUCT_BUNDLE_IDENTIFIER = TerryLion.Tides;
				PRODUCT_NAME = "$(TARGET_NAME)";
				SWIFT_VERSION = 3.0;
			};
			name = Debug;
		};
		8A19B7E91E7FD8CC00B7A275 /* Release */ = {
			isa = XCBuildConfiguration;
			baseConfigurationReference = 44BDC1BF2F6807E53B2CA086 /* Pods-Tides.release.xcconfig */;
			buildSettings = {
				ASSETCATALOG_COMPILER_APPICON_NAME = AppIcon;
				DEVELOPMENT_TEAM = 99E6PZ48K5;
				FRAMEWORK_SEARCH_PATHS = (
					"$(inherited)",
					"$(PROJECT_DIR)/build/Debug-iphoneos/JTAppleCalendar",
				);
				INFOPLIST_FILE = Tides/Info.plist;
				LD_RUNPATH_SEARCH_PATHS = "$(inherited) @executable_path/Frameworks";
				PRODUCT_BUNDLE_IDENTIFIER = TerryLion.Tides;
				PRODUCT_NAME = "$(TARGET_NAME)";
				SWIFT_VERSION = 3.0;
			};
			name = Release;
		};
/* End XCBuildConfiguration section */

/* Begin XCConfigurationList section */
		8A19B7D01E7FD8CC00B7A275 /* Build configuration list for PBXProject "Tides" */ = {
			isa = XCConfigurationList;
			buildConfigurations = (
				8A19B7E51E7FD8CC00B7A275 /* Debug */,
				8A19B7E61E7FD8CC00B7A275 /* Release */,
			);
			defaultConfigurationIsVisible = 0;
			defaultConfigurationName = Release;
		};
		8A19B7E71E7FD8CC00B7A275 /* Build configuration list for PBXNativeTarget "Tides" */ = {
			isa = XCConfigurationList;
			buildConfigurations = (
				8A19B7E81E7FD8CC00B7A275 /* Debug */,
				8A19B7E91E7FD8CC00B7A275 /* Release */,
			);
			defaultConfigurationIsVisible = 0;
			defaultConfigurationName = Release;
		};
/* End XCConfigurationList section */
	};
	rootObject = 8A19B7CD1E7FD8CC00B7A275 /* Project object */;
}
